{
  "name": "jhvrequest",
  "lockfileVersion": 3,
  "requires": true,
  "packages": {
    "": {
      "dependencies": {
        "sampjs": "^1.0.2"
      }
    },
    "node_modules/sampjs": {
      "version": "1.0.2",
      "resolved": "https://registry.npmjs.org/sampjs/-/sampjs-1.0.2.tgz",
      "integrity": "sha512-XVsaxm1toFrSBuwAtR8gV1/wUmLi5klvp/f6PlH7Kj2huAJpPdqKjX8gwnPEAhAxQjyGgpv9GJlypTVvInYFcg=="
    }
  }
}
